// !$*UTF8*$!
{
	archiveVersion = 1;
	classes = {
	};
	objectVersion = 56;
	objects = {

/* Begin PBXBuildFile section */
		5B3AD3092A188DEB009F3096 /* SwiftUITestAppApp.swift in Sources */ = {isa = PBXBuildFile; fileRef = 5B3AD3082A188DEB009F3096 /* SwiftUITestAppApp.swift */; };
		5B3AD30B2A188DEB009F3096 /* ContentView.swift in Sources */ = {isa = PBXBuildFile; fileRef = 5B3AD30A2A188DEB009F3096 /* ContentView.swift */; };
		5B3AD30D2A188DEC009F3096 /* Assets.xcassets in Resources */ = {isa = PBXBuildFile; fileRef = 5B3AD30C2A188DEC009F3096 /* Assets.xcassets */; };
		5B3AD3102A188DEC009F3096 /* Preview Assets.xcassets in Resources */ = {isa = PBXBuildFile; fileRef = 5B3AD30F2A188DEC009F3096 /* Preview Assets.xcassets */; };
		5B3AD3172A18D0CD009F3096 /* ProfileView.swift in Sources */ = {isa = PBXBuildFile; fileRef = 5B3AD3162A18D0CD009F3096 /* ProfileView.swift */; };
		5B3AD3192A18D0E3009F3096 /* LoginView.swift in Sources */ = {isa = PBXBuildFile; fileRef = 5B3AD3182A18D0E3009F3096 /* LoginView.swift */; };
		5B3AD31B2A18D0F1009F3096 /* SettingsView.swift in Sources */ = {isa = PBXBuildFile; fileRef = 5B3AD31A2A18D0F1009F3096 /* SettingsView.swift */; };
		5B3AD31D2A18D100009F3096 /* InfoView.swift in Sources */ = {isa = PBXBuildFile; fileRef = 5B3AD31C2A18D100009F3096 /* InfoView.swift */; };
		5B3AD31F2A18D133009F3096 /* InfoRow.swift in Sources */ = {isa = PBXBuildFile; fileRef = 5B3AD31E2A18D133009F3096 /* InfoRow.swift */; };
		5B3AD3212A18D171009F3096 /* InfoDetails.swift in Sources */ = {isa = PBXBuildFile; fileRef = 5B3AD3202A18D171009F3096 /* InfoDetails.swift */; };
		5B3AD3232A18D1B7009F3096 /* TextFielder.swift in Sources */ = {isa = PBXBuildFile; fileRef = 5B3AD3222A18D1B7009F3096 /* TextFielder.swift */; };
		5B3AD3272A18D1F9009F3096 /* Post.swift in Sources */ = {isa = PBXBuildFile; fileRef = 5B3AD3262A18D1F9009F3096 /* Post.swift */; };
		5B3AD3292A18D21C009F3096 /* Data.swift in Sources */ = {isa = PBXBuildFile; fileRef = 5B3AD3282A18D21C009F3096 /* Data.swift */; };
/* End PBXBuildFile section */

/* Begin PBXFileReference section */
		5B3AD3052A188DEB009F3096 /* SwiftUITestApp.app */ = {isa = PBXFileReference; explicitFileType = wrapper.application; includeInIndex = 0; path = SwiftUITestApp.app; sourceTree = BUILT_PRODUCTS_DIR; };
		5B3AD3082A188DEB009F3096 /* SwiftUITestAppApp.swift */ = {isa = PBXFileReference; lastKnownFileType = sourcecode.swift; path = SwiftUITestAppApp.swift; sourceTree = "<group>"; };
		5B3AD30A2A188DEB009F3096 /* ContentView.swift */ = {isa = PBXFileReference; lastKnownFileType = sourcecode.swift; path = ContentView.swift; sourceTree = "<group>"; };
		5B3AD30C2A188DEC009F3096 /* Assets.xcassets */ = {isa = PBXFileReference; lastKnownFileType = folder.assetcatalog; path = Assets.xcassets; sourceTree = "<group>"; };
		5B3AD30F2A188DEC009F3096 /* Preview Assets.xcassets */ = {isa = PBXFileReference; lastKnownFileType = folder.assetcatalog; path = "Preview Assets.xcassets"; sourceTree = "<group>"; };
		5B3AD3162A18D0CD009F3096 /* ProfileView.swift */ = {isa = PBXFileReference; lastKnownFileType = sourcecode.swift; path = ProfileView.swift; sourceTree = "<group>"; };
		5B3AD3182A18D0E3009F3096 /* LoginView.swift */ = {isa = PBXFileReference; lastKnownFileType = sourcecode.swift; path = LoginView.swift; sourceTree = "<group>"; };
		5B3AD31A2A18D0F1009F3096 /* SettingsView.swift */ = {isa = PBXFileReference; lastKnownFileType = sourcecode.swift; path = SettingsView.swift; sourceTree = "<group>"; };
		5B3AD31C2A18D100009F3096 /* InfoView.swift */ = {isa = PBXFileReference; lastKnownFileType = sourcecode.swift; path = InfoView.swift; sourceTree = "<group>"; };
		5B3AD31E2A18D133009F3096 /* InfoRow.swift */ = {isa = PBXFileReference; lastKnownFileType = sourcecode.swift; path = InfoRow.swift; sourceTree = "<group>"; };
		5B3AD3202A18D171009F3096 /* InfoDetails.swift */ = {isa = PBXFileReference; lastKnownFileType = sourcecode.swift; path = InfoDetails.swift; sourceTree = "<group>"; };
		5B3AD3222A18D1B7009F3096 /* TextFielder.swift */ = {isa = PBXFileReference; lastKnownFileType = sourcecode.swift; path = TextFielder.swift; sourceTree = "<group>"; };
		5B3AD3262A18D1F9009F3096 /* Post.swift */ = {isa = PBXFileReference; lastKnownFileType = sourcecode.swift; path = Post.swift; sourceTree = "<group>"; };
		5B3AD3282A18D21C009F3096 /* Data.swift */ = {isa = PBXFileReference; lastKnownFileType = sourcecode.swift; path = Data.swift; sourceTree = "<group>"; };
/* End PBXFileReference section */

/* Begin PBXFrameworksBuildPhase section */
		5B3AD3022A188DEB009F3096 /* Frameworks */ = {
			isa = PBXFrameworksBuildPhase;
			buildActionMask = 2147483647;
			files = (
			);
			runOnlyForDeploymentPostprocessing = 0;
		};
/* End PBXFrameworksBuildPhase section */

/* Begin PBXGroup section */
		5B3AD2FC2A188DEB009F3096 = {
			isa = PBXGroup;
			children = (
				5B3AD3072A188DEB009F3096 /* SwiftUITestApp */,
				5B3AD3062A188DEB009F3096 /* Products */,
			);
			sourceTree = "<group>";
		};
		5B3AD3062A188DEB009F3096 /* Products */ = {
			isa = PBXGroup;
			children = (
				5B3AD3052A188DEB009F3096 /* SwiftUITestApp.app */,
			);
			name = Products;
			sourceTree = "<group>";
		};
		5B3AD3072A188DEB009F3096 /* SwiftUITestApp */ = {
			isa = PBXGroup;
			children = (
				5B3AD3082A188DEB009F3096 /* SwiftUITestAppApp.swift */,
				5B3AD30A2A188DEB009F3096 /* ContentView.swift */,
				5B3AD31C2A18D100009F3096 /* InfoView.swift */,
				5B3AD31E2A18D133009F3096 /* InfoRow.swift */,
				5B3AD3202A18D171009F3096 /* InfoDetails.swift */,
				5B3AD31A2A18D0F1009F3096 /* SettingsView.swift */,
				5B3AD3222A18D1B7009F3096 /* TextFielder.swift */,
				5B3AD32A2A18D240009F3096 /* DataModel */,
				5B3AD30C2A188DEC009F3096 /* Assets.xcassets */,
				5B3AD30E2A188DEC009F3096 /* Preview Content */,
				5B3AD3162A18D0CD009F3096 /* ProfileView.swift */,
				5B3AD3182A18D0E3009F3096 /* LoginView.swift */,
			);
			path = SwiftUITestApp;
			sourceTree = "<group>";
		};
		5B3AD30E2A188DEC009F3096 /* Preview Content */ = {
			isa = PBXGroup;
			children = (
				5B3AD30F2A188DEC009F3096 /* Preview Assets.xcassets */,
			);
			path = "Preview Content";
			sourceTree = "<group>";
		};
		5B3AD32A2A18D240009F3096 /* DataModel */ = {
			isa = PBXGroup;
			children = (
				5B3AD3262A18D1F9009F3096 /* Post.swift */,
				5B3AD3282A18D21C009F3096 /* Data.swift */,
			);
			path = DataModel;
			sourceTree = "<group>";
		};
/* End PBXGroup section */

/* Begin PBXNativeTarget section */
		5B3AD3042A188DEB009F3096 /* SwiftUITestApp */ = {
			isa = PBXNativeTarget;
			buildConfigurationList = 5B3AD3132A188DEC009F3096 /* Build configuration list for PBXNativeTarget "SwiftUITestApp" */;
			buildPhases = (
				5B3AD3012A188DEB009F3096 /* Sources */,
				5B3AD3022A188DEB009F3096 /* Frameworks */,
				5B3AD3032A188DEB009F3096 /* Resources */,
			);
			buildRules = (
			);
			dependencies = (
			);
			name = SwiftUITestApp;
			productName = SwiftUITestApp;
			productReference = 5B3AD3052A188DEB009F3096 /* SwiftUITestApp.app */;
			productType = "com.apple.product-type.application";
		};
/* End PBXNativeTarget section */

/* Begin PBXProject section */
		5B3AD2FD2A188DEB009F3096 /* Project object */ = {
			isa = PBXProject;
			attributes = {
				BuildIndependentTargetsInParallel = 1;
				LastSwiftUpdateCheck = 1430;
				LastUpgradeCheck = 1430;
				TargetAttributes = {
					5B3AD3042A188DEB009F3096 = {
						CreatedOnToolsVersion = 14.3;
					};
				};
			};
			buildConfigurationList = 5B3AD3002A188DEB009F3096 /* Build configuration list for PBXProject "SwiftUITestApp" */;
			compatibilityVersion = "Xcode 14.0";
			developmentRegion = en;
			hasScannedForEncodings = 0;
			knownRegions = (
				en,
				Base,
			);
			mainGroup = 5B3AD2FC2A188DEB009F3096;
			productRefGroup = 5B3AD3062A188DEB009F3096 /* Products */;
			projectDirPath = "";
			projectRoot = "";
			targets = (
				5B3AD3042A188DEB009F3096 /* SwiftUITestApp */,
			);
		};
/* End PBXProject section */

/* Begin PBXResourcesBuildPhase section */
		5B3AD3032A188DEB009F3096 /* Resources */ = {
			isa = PBXResourcesBuildPhase;
			buildActionMask = 2147483647;
			files = (
				5B3AD3102A188DEC009F3096 /* Preview Assets.xcassets in Resources */,
				5B3AD30D2A188DEC009F3096 /* Assets.xcassets in Resources */,
			);
			runOnlyForDeploymentPostprocessing = 0;
		};
/* End PBXResourcesBuildPhase section */

/* Begin PBXSourcesBuildPhase section */
		5B3AD3012A188DEB009F3096 /* Sources */ = {
			isa = PBXSourcesBuildPhase;
			buildActionMask = 2147483647;
			files = (
				5B3AD3232A18D1B7009F3096 /* TextFielder.swift in Sources */,
				5B3AD3272A18D1F9009F3096 /* Post.swift in Sources */,
				5B3AD31B2A18D0F1009F3096 /* SettingsView.swift in Sources */,
				5B3AD30B2A188DEB009F3096 /* ContentView.swift in Sources */,
				5B3AD3172A18D0CD009F3096 /* ProfileView.swift in Sources */,
				5B3AD3192A18D0E3009F3096 /* LoginView.swift in Sources */,
				5B3AD3292A18D21C009F3096 /* Data.swift in Sources */,
				5B3AD31F2A18D133009F3096 /* InfoRow.swift in Sources */,
				5B3AD31D2A18D100009F3096 /* InfoView.swift in Sources */,
				5B3AD3212A18D171009F3096 /* InfoDetails.swift in Sources */,
				5B3AD3092A188DEB009F3096 /* SwiftUITestAppApp.swift in Sources */,
			);
			runOnlyForDeploymentPostprocessing = 0;
		};
/* End PBXSourcesBuildPhase section */

/* Begin XCBuildConfiguration section */
		5B3AD3112A188DEC009F3096 /* Debug */ = {
			isa = XCBuildConfiguration;
			buildSettings = {
				ALWAYS_SEARCH_USER_PATHS = NO;
				CLANG_ANALYZER_NONNULL = YES;
				CLANG_ANALYZER_NUMBER_OBJECT_CONVERSION = YES_AGGRESSIVE;
				CLANG_CXX_LANGUAGE_STANDARD = "gnu++20";
				CLANG_ENABLE_MODULES = YES;
				CLANG_ENABLE_OBJC_ARC = YES;
				CLANG_ENABLE_OBJC_WEAK = YES;
				CLANG_WARN_BLOCK_CAPTURE_AUTORELEASING = YES;
				CLANG_WARN_BOOL_CONVERSION = YES;
				CLANG_WARN_COMMA = YES;
				CLANG_WARN_CONSTANT_CONVERSION = YES;
				CLANG_WARN_DEPRECATED_OBJC_IMPLEMENTATIONS = YES;
				CLANG_WARN_DIRECT_OBJC_ISA_USAGE = YES_ERROR;
				CLANG_WARN_DOCUMENTATION_COMMENTS = YES;
				CLANG_WARN_EMPTY_BODY = YES;
				CLANG_WARN_ENUM_CONVERSION = YES;
				CLANG_WARN_INFINITE_RECURSION = YES;
				CLANG_WARN_INT_CONVERSION = YES;
				CLANG_WARN_NON_LITERAL_NULL_CONVERSION = YES;
				CLANG_WARN_OBJC_IMPLICIT_RETAIN_SELF = YES;
				CLANG_WARN_OBJC_LITERAL_CONVERSION = YES;
				CLANG_WARN_OBJC_ROOT_CLASS = YES_ERROR;
				CLANG_WARN_QUOTED_INCLUDE_IN_FRAMEWORK_HEADER = YES;
				CLANG_WARN_RANGE_LOOP_ANALYSIS = YES;
				CLANG_WARN_STRICT_PROTOTYPES = YES;
				CLANG_WARN_SUSPICIOUS_MOVE = YES;
				CLANG_WARN_UNGUARDED_AVAILABILITY = YES_AGGRESSIVE;
				CLANG_WARN_UNREACHABLE_CODE = YES;
				CLANG_WARN__DUPLICATE_METHOD_MATCH = YES;
				COPY_PHASE_STRIP = NO;
				DEBUG_INFORMATION_FORMAT = dwarf;
				ENABLE_STRICT_OBJC_MSGSEND = YES;
				ENABLE_TESTABILITY = YES;
				GCC_C_LANGUAGE_STANDARD = gnu11;
				GCC_DYNAMIC_NO_PIC = NO;
				GCC_NO_COMMON_BLOCKS = YES;
				GCC_OPTIMIZATION_LEVEL = 0;
				GCC_PREPROCESSOR_DEFINITIONS = (
					"DEBUG=1",
					"$(inherited)",
				);
				GCC_WARN_64_TO_32_BIT_CONVERSION = YES;
				GCC_WARN_ABOUT_RETURN_TYPE = YES_ERROR;
				GCC_WARN_UNDECLARED_SELECTOR = YES;
				GCC_WARN_UNINITIALIZED_AUTOS = YES_AGGRESSIVE;
				GCC_WARN_UNUSED_FUNCTION = YES;
				GCC_WARN_UNUSED_VARIABLE = YES;
				IPHONEOS_DEPLOYMENT_TARGET = 16.4;
				MTL_ENABLE_DEBUG_INFO = INCLUDE_SOURCE;
				MTL_FAST_MATH = YES;
				ONLY_ACTIVE_ARCH = YES;
				SDKROOT = iphoneos;
				SWIFT_ACTIVE_COMPILATION_CONDITIONS = DEBUG;
				SWIFT_OPTIMIZATION_LEVEL = "-Onone";
			};
			name = Debug;
		};
		5B3AD3122A188DEC009F3096 /* Release */ = {
			isa = XCBuildConfiguration;
			buildSettings = {
				ALWAYS_SEARCH_USER_PATHS = NO;
				CLANG_ANALYZER_NONNULL = YES;
				CLANG_ANALYZER_NUMBER_OBJECT_CONVERSION = YES_AGGRESSIVE;
				CLANG_CXX_LANGUAGE_STANDARD = "gnu++20";
				CLANG_ENABLE_MODULES = YES;
				CLANG_ENABLE_OBJC_ARC = YES;
				CLANG_ENABLE_OBJC_WEAK = YES;
				CLANG_WARN_BLOCK_CAPTURE_AUTORELEASING = YES;
				CLANG_WARN_BOOL_CONVERSION = YES;
				CLANG_WARN_COMMA = YES;
				CLANG_WARN_CONSTANT_CONVERSION = YES;
				CLANG_WARN_DEPRECATED_OBJC_IMPLEMENTATIONS = YES;
				CLANG_WARN_DIRECT_OBJC_ISA_USAGE = YES_ERROR;
				CLANG_WARN_DOCUMENTATION_COMMENTS = YES;
				CLANG_WARN_EMPTY_BODY = YES;
				CLANG_WARN_ENUM_CONVERSION = YES;
				CLANG_WARN_INFINITE_RECURSION = YES;
				CLANG_WARN_INT_CONVERSION = YES;
				CLANG_WARN_NON_LITERAL_NULL_CONVERSION = YES;
				CLANG_WARN_OBJC_IMPLICIT_RETAIN_SELF = YES;
				CLANG_WARN_OBJC_LITERAL_CONVERSION = YES;
				CLANG_WARN_OBJC_ROOT_CLASS = YES_ERROR;
				CLANG_WARN_QUOTED_INCLUDE_IN_FRAMEWORK_HEADER = YES;
				CLANG_WARN_RANGE_LOOP_ANALYSIS = YES;
				CLANG_WARN_STRICT_PROTOTYPES = YES;
				CLANG_WARN_SUSPICIOUS_MOVE = YES;
				CLANG_WARN_UNGUARDED_AVAILABILITY = YES_AGGRESSIVE;
				CLANG_WARN_UNREACHABLE_CODE = YES;
				CLANG_WARN__DUPLICATE_METHOD_MATCH = YES;
				COPY_PHASE_STRIP = NO;
				DEBUG_INFORMATION_FORMAT = "dwarf-with-dsym";
				ENABLE_NS_ASSERTIONS = NO;
				ENABLE_STRICT_OBJC_MSGSEND = YES;
				GCC_C_LANGUAGE_STANDARD = gnu11;
				GCC_NO_COMMON_BLOCKS = YES;
				GCC_WARN_64_TO_32_BIT_CONVERSION = YES;
				GCC_WARN_ABOUT_RETURN_TYPE = YES_ERROR;
				GCC_WARN_UNDECLARED_SELECTOR = YES;
				GCC_WARN_UNINITIALIZED_AUTOS = YES_AGGRESSIVE;
				GCC_WARN_UNUSED_FUNCTION = YES;
				GCC_WARN_UNUSED_VARIABLE = YES;
				IPHONEOS_DEPLOYMENT_TARGET = 16.4;
				MTL_ENABLE_DEBUG_INFO = NO;
				MTL_FAST_MATH = YES;
				SDKROOT = iphoneos;
				SWIFT_COMPILATION_MODE = wholemodule;
				SWIFT_OPTIMIZATION_LEVEL = "-O";
				VALIDATE_PRODUCT = YES;
			};
			name = Release;
		};
		5B3AD3142A188DEC009F3096 /* Debug */ = {
			isa = XCBuildConfiguration;
			buildSettings = {
				ASSETCATALOG_COMPILER_APPICON_NAME = AppIcon;
				ASSETCATALOG_COMPILER_GLOBAL_ACCENT_COLOR_NAME = AccentColor;
				CODE_SIGN_STYLE = Automatic;
				CURRENT_PROJECT_VERSION = 1;
				DEVELOPMENT_ASSET_PATHS = "\"SwiftUITestApp/Preview Content\"";
				ENABLE_PREVIEWS = YES;
				GENERATE_INFOPLIST_FILE = YES;
				INFOPLIST_KEY_UIApplicationSceneManifest_Generation = YES;
				INFOPLIST_KEY_UIApplicationSupportsIndirectInputEvents = YES;
				INFOPLIST_KEY_UILaunchScreen_Generation = YES;
				INFOPLIST_KEY_UISupportedInterfaceOrientations_iPad = "UIInterfaceOrientationPortrait UIInterfaceOrientationPortraitUpsideDown UIInterfaceOrientationLandscapeLeft UIInterfaceOrientationLandscapeRight";
				INFOPLIST_KEY_UISupportedInterfaceOrientations_iPhone = "UIInterfaceOrientationPortrait UIInterfaceOrientationLandscapeLeft UIInterfaceOrientationLandscapeRight";
				LD_RUNPATH_SEARCH_PATHS = (
					"$(inherited)",
					"@executable_path/Frameworks",
				);
				MARKETING_VERSION = 1.0;
				PRODUCT_BUNDLE_IDENTIFIER = "alexeytilinin-yandex.ru.SwiftUITestApp";
				PRODUCT_NAME = "$(TARGET_NAME)";
				SWIFT_EMIT_LOC_STRINGS = YES;
				SWIFT_VERSION = 5.0;
				TARGETED_DEVICE_FAMILY = "1,2";
			};
			name = Debug;
		};
		5B3AD3152A188DEC009F3096 /* Release */ = {
			isa = XCBuildConfiguration;
			buildSettings = {
				ASSETCATALOG_COMPILER_APPICON_NAME = AppIcon;
				ASSETCATALOG_COMPILER_GLOBAL_ACCENT_COLOR_NAME = AccentColor;
				CODE_SIGN_STYLE = Automatic;
				CURRENT_PROJECT_VERSION = 1;
				DEVELOPMENT_ASSET_PATHS = "\"SwiftUITestApp/Preview Content\"";
				ENABLE_PREVIEWS = YES;
				GENERATE_INFOPLIST_FILE = YES;
				INFOPLIST_KEY_UIApplicationSceneManifest_Generation = YES;
				INFOPLIST_KEY_UIApplicationSupportsIndirectInputEvents = YES;
				INFOPLIST_KEY_UILaunchScreen_Generation = YES;
				INFOPLIST_KEY_UISupportedInterfaceOrientations_iPad = "UIInterfaceOrientationPortrait UIInterfaceOrientationPortraitUpsideDown UIInterfaceOrientationLandscapeLeft UIInterfaceOrientationLandscapeRight";
				INFOPLIST_KEY_UISupportedInterfaceOrientations_iPhone = "UIInterfaceOrientationPortrait UIInterfaceOrientationLandscapeLeft UIInterfaceOrientationLandscapeRight";
				LD_RUNPATH_SEARCH_PATHS = (
					"$(inherited)",
					"@executable_path/Frameworks",
				);
				MARKETING_VERSION = 1.0;
				PRODUCT_BUNDLE_IDENTIFIER = "alexeytilinin-yandex.ru.SwiftUITestApp";
				PRODUCT_NAME = "$(TARGET_NAME)";
				SWIFT_EMIT_LOC_STRINGS = YES;
				SWIFT_VERSION = 5.0;
				TARGETED_DEVICE_FAMILY = "1,2";
			};
			name = Release;
		};
/* End XCBuildConfiguration section */

/* Begin XCConfigurationList section */
		5B3AD3002A188DEB009F3096 /* Build configuration list for PBXProject "SwiftUITestApp" */ = {
			isa = XCConfigurationList;
			buildConfigurations = (
				5B3AD3112A188DEC009F3096 /* Debug */,
				5B3AD3122A188DEC009F3096 /* Release */,
			);
			defaultConfigurationIsVisible = 0;
			defaultConfigurationName = Release;
		};
		5B3AD3132A188DEC009F3096 /* Build configuration list for PBXNativeTarget "SwiftUITestApp" */ = {
			isa = XCConfigurationList;
			buildConfigurations = (
				5B3AD3142A188DEC009F3096 /* Debug */,
				5B3AD3152A188DEC009F3096 /* Release */,
			);
			defaultConfigurationIsVisible = 0;
			defaultConfigurationName = Release;
		};
/* End XCConfigurationList section */
	};
	rootObject = 5B3AD2FD2A188DEB009F3096 /* Project object */;
}
